// !$*UTF8*$!
{
	archiveVersion = 1;
	classes = {
	};
	objectVersion = 50;
	objects = {

/* Begin PBXBuildFile section */
		C5C2918724200A50003F8790 /* AppDelegate.swift in Sources */ = {isa = PBXBuildFile; fileRef = C5C2918624200A50003F8790 /* AppDelegate.swift */; };
		C5C2918924200A50003F8790 /* AlbumViewController.swift in Sources */ = {isa = PBXBuildFile; fileRef = C5C2918824200A50003F8790 /* AlbumViewController.swift */; };
		C5C2918C24200A50003F8790 /* Main.storyboard in Resources */ = {isa = PBXBuildFile; fileRef = C5C2918A24200A50003F8790 /* Main.storyboard */; };
		C5C2918E24200A51003F8790 /* Assets.xcassets in Resources */ = {isa = PBXBuildFile; fileRef = C5C2918D24200A51003F8790 /* Assets.xcassets */; };
		C5C2919124200A51003F8790 /* LaunchScreen.storyboard in Resources */ = {isa = PBXBuildFile; fileRef = C5C2918F24200A51003F8790 /* LaunchScreen.storyboard */; };
		C5C2919C24200A51003F8790 /* AppStoreApplicationTests.swift in Sources */ = {isa = PBXBuildFile; fileRef = C5C2919B24200A51003F8790 /* AppStoreApplicationTests.swift */; };
		C5C291AB24201342003F8790 /* AlbumViewModel.swift in Sources */ = {isa = PBXBuildFile; fileRef = C5C291AA24201342003F8790 /* AlbumViewModel.swift */; };
		C5C291AF242015CD003F8790 /* AlbumViewCell.swift in Sources */ = {isa = PBXBuildFile; fileRef = C5C291AE242015CD003F8790 /* AlbumViewCell.swift */; };
		C5C291B324201603003F8790 /* AlbumCellViewModel.swift in Sources */ = {isa = PBXBuildFile; fileRef = C5C291B224201603003F8790 /* AlbumCellViewModel.swift */; };
		C5CA953624203707000A4F9A /* Bindable.swift in Sources */ = {isa = PBXBuildFile; fileRef = C5CA953524203707000A4F9A /* Bindable.swift */; };
		C5CA953824203713000A4F9A /* WebService.swift in Sources */ = {isa = PBXBuildFile; fileRef = C5CA953724203713000A4F9A /* WebService.swift */; };
		C5CA953A24203B1A000A4F9A /* Album.swift in Sources */ = {isa = PBXBuildFile; fileRef = C5CA953924203B1A000A4F9A /* Album.swift */; };
		C5CA953C24203F32000A4F9A /* AlbumJsonData.json in Resources */ = {isa = PBXBuildFile; fileRef = C5CA953B24203F32000A4F9A /* AlbumJsonData.json */; };
		C5CA9541242043FC000A4F9A /* Genre.swift in Sources */ = {isa = PBXBuildFile; fileRef = C5CA9540242043FC000A4F9A /* Genre.swift */; };
		C5CA9543242060A0000A4F9A /* Response.swift in Sources */ = {isa = PBXBuildFile; fileRef = C5CA9542242060A0000A4F9A /* Response.swift */; };
		C5CA954724208D52000A4F9A /* ImageData+CashingExtension.swift in Sources */ = {isa = PBXBuildFile; fileRef = C5CA954624208D52000A4F9A /* ImageData+CashingExtension.swift */; };
		C5CA954A242095E9000A4F9A /* AlbumDetailInfoViewController.swift in Sources */ = {isa = PBXBuildFile; fileRef = C5CA9549242095E9000A4F9A /* AlbumDetailInfoViewController.swift */; };
		C5CA954C24209624000A4F9A /* AlbumDetailInfoViewModel.swift in Sources */ = {isa = PBXBuildFile; fileRef = C5CA954B24209624000A4F9A /* AlbumDetailInfoViewModel.swift */; };
		C5CA954E2420966A000A4F9A /* AlbumDetailView.swift in Sources */ = {isa = PBXBuildFile; fileRef = C5CA954D2420966A000A4F9A /* AlbumDetailView.swift */; };
		C5CA9550242096F1000A4F9A /* AlbumDetailViewModel.swift in Sources */ = {isa = PBXBuildFile; fileRef = C5CA954F242096F1000A4F9A /* AlbumDetailViewModel.swift */; };
/* End PBXBuildFile section */

/* Begin PBXContainerItemProxy section */
		C5C2919824200A51003F8790 /* PBXContainerItemProxy */ = {
			isa = PBXContainerItemProxy;
			containerPortal = C5C2917B24200A50003F8790 /* Project object */;
			proxyType = 1;
			remoteGlobalIDString = C5C2918224200A50003F8790;
			remoteInfo = AppStoreApplication;
		};
/* End PBXContainerItemProxy section */

/* Begin PBXFileReference section */
		C5C2918324200A50003F8790 /* AppStoreApplication.app */ = {isa = PBXFileReference; explicitFileType = wrapper.application; includeInIndex = 0; path = AppStoreApplication.app; sourceTree = BUILT_PRODUCTS_DIR; };
		C5C2918624200A50003F8790 /* AppDelegate.swift */ = {isa = PBXFileReference; lastKnownFileType = sourcecode.swift; path = AppDelegate.swift; sourceTree = "<group>"; };
		C5C2918824200A50003F8790 /* AlbumViewController.swift */ = {isa = PBXFileReference; lastKnownFileType = sourcecode.swift; path = AlbumViewController.swift; sourceTree = "<group>"; };
		C5C2918B24200A50003F8790 /* Base */ = {isa = PBXFileReference; lastKnownFileType = file.storyboard; name = Base; path = Base.lproj/Main.storyboard; sourceTree = "<group>"; };
		C5C2918D24200A51003F8790 /* Assets.xcassets */ = {isa = PBXFileReference; lastKnownFileType = folder.assetcatalog; path = Assets.xcassets; sourceTree = "<group>"; };
		C5C2919024200A51003F8790 /* Base */ = {isa = PBXFileReference; lastKnownFileType = file.storyboard; name = Base; path = Base.lproj/LaunchScreen.storyboard; sourceTree = "<group>"; };
		C5C2919224200A51003F8790 /* Info.plist */ = {isa = PBXFileReference; lastKnownFileType = text.plist.xml; path = Info.plist; sourceTree = "<group>"; };
		C5C2919724200A51003F8790 /* AppStoreApplicationTests.xctest */ = {isa = PBXFileReference; explicitFileType = wrapper.cfbundle; includeInIndex = 0; path = AppStoreApplicationTests.xctest; sourceTree = BUILT_PRODUCTS_DIR; };
		C5C2919B24200A51003F8790 /* AppStoreApplicationTests.swift */ = {isa = PBXFileReference; lastKnownFileType = sourcecode.swift; path = AppStoreApplicationTests.swift; sourceTree = "<group>"; };
		C5C2919D24200A51003F8790 /* Info.plist */ = {isa = PBXFileReference; lastKnownFileType = text.plist.xml; path = Info.plist; sourceTree = "<group>"; };
		C5C291AA24201342003F8790 /* AlbumViewModel.swift */ = {isa = PBXFileReference; lastKnownFileType = sourcecode.swift; path = AlbumViewModel.swift; sourceTree = "<group>"; };
		C5C291AE242015CD003F8790 /* AlbumViewCell.swift */ = {isa = PBXFileReference; lastKnownFileType = sourcecode.swift; path = AlbumViewCell.swift; sourceTree = "<group>"; };
		C5C291B224201603003F8790 /* AlbumCellViewModel.swift */ = {isa = PBXFileReference; lastKnownFileType = sourcecode.swift; path = AlbumCellViewModel.swift; sourceTree = "<group>"; };
		C5CA953524203707000A4F9A /* Bindable.swift */ = {isa = PBXFileReference; fileEncoding = 4; lastKnownFileType = sourcecode.swift; name = Bindable.swift; path = "AppStoreApplication/Album View Controller/Bindable.swift"; sourceTree = SOURCE_ROOT; };
		C5CA953724203713000A4F9A /* WebService.swift */ = {isa = PBXFileReference; fileEncoding = 4; lastKnownFileType = sourcecode.swift; name = WebService.swift; path = "AppStoreApplication/Album View Controller/WebService.swift"; sourceTree = SOURCE_ROOT; };
		C5CA953924203B1A000A4F9A /* Album.swift */ = {isa = PBXFileReference; lastKnownFileType = sourcecode.swift; path = Album.swift; sourceTree = "<group>"; };
		C5CA953B24203F32000A4F9A /* AlbumJsonData.json */ = {isa = PBXFileReference; lastKnownFileType = text.json; path = AlbumJsonData.json; sourceTree = "<group>"; };
		C5CA9540242043FC000A4F9A /* Genre.swift */ = {isa = PBXFileReference; lastKnownFileType = sourcecode.swift; path = Genre.swift; sourceTree = "<group>"; };
		C5CA9542242060A0000A4F9A /* Response.swift */ = {isa = PBXFileReference; lastKnownFileType = sourcecode.swift; path = Response.swift; sourceTree = "<group>"; };
		C5CA954624208D52000A4F9A /* ImageData+CashingExtension.swift */ = {isa = PBXFileReference; lastKnownFileType = sourcecode.swift; name = "ImageData+CashingExtension.swift"; path = "AppStoreApplication/Album View Controller/ImageData+CashingExtension.swift"; sourceTree = SOURCE_ROOT; };
		C5CA9549242095E9000A4F9A /* AlbumDetailInfoViewController.swift */ = {isa = PBXFileReference; lastKnownFileType = sourcecode.swift; path = AlbumDetailInfoViewController.swift; sourceTree = "<group>"; };
		C5CA954B24209624000A4F9A /* AlbumDetailInfoViewModel.swift */ = {isa = PBXFileReference; lastKnownFileType = sourcecode.swift; path = AlbumDetailInfoViewModel.swift; sourceTree = "<group>"; };
		C5CA954D2420966A000A4F9A /* AlbumDetailView.swift */ = {isa = PBXFileReference; lastKnownFileType = sourcecode.swift; path = AlbumDetailView.swift; sourceTree = "<group>"; };
		C5CA954F242096F1000A4F9A /* AlbumDetailViewModel.swift */ = {isa = PBXFileReference; lastKnownFileType = sourcecode.swift; path = AlbumDetailViewModel.swift; sourceTree = "<group>"; };
/* End PBXFileReference section */

/* Begin PBXFrameworksBuildPhase section */
		C5C2918024200A50003F8790 /* Frameworks */ = {
			isa = PBXFrameworksBuildPhase;
			buildActionMask = 2147483647;
			files = (
			);
			runOnlyForDeploymentPostprocessing = 0;
		};
		C5C2919424200A51003F8790 /* Frameworks */ = {
			isa = PBXFrameworksBuildPhase;
			buildActionMask = 2147483647;
			files = (
			);
			runOnlyForDeploymentPostprocessing = 0;
		};
/* End PBXFrameworksBuildPhase section */

/* Begin PBXGroup section */
		C5C2917A24200A4F003F8790 = {
			isa = PBXGroup;
			children = (
				C5C2918524200A50003F8790 /* AppStoreApplication */,
				C5C2919A24200A51003F8790 /* AppStoreApplicationTests */,
				C5C2918424200A50003F8790 /* Products */,
			);
			sourceTree = "<group>";
		};
		C5C2918424200A50003F8790 /* Products */ = {
			isa = PBXGroup;
			children = (
				C5C2918324200A50003F8790 /* AppStoreApplication.app */,
				C5C2919724200A51003F8790 /* AppStoreApplicationTests.xctest */,
			);
			name = Products;
			sourceTree = "<group>";
		};
		C5C2918524200A50003F8790 /* AppStoreApplication */ = {
			isa = PBXGroup;
			children = (
				C5C2918624200A50003F8790 /* AppDelegate.swift */,
				C5CA953F2420427C000A4F9A /* Data */,
				C5C291A924200DC8003F8790 /* Extensions */,
				C5C291A824200DB5003F8790 /* Service + networking */,
				C5C291A724200DAB003F8790 /* Bindable */,
				C5CA9548242095CC000A4F9A /* Album Detail View Controller */,
				C5C291A624200D90003F8790 /* Album View Controller */,
				C5C2918A24200A50003F8790 /* Main.storyboard */,
				C5C2918D24200A51003F8790 /* Assets.xcassets */,
				C5C2918F24200A51003F8790 /* LaunchScreen.storyboard */,
				C5C2919224200A51003F8790 /* Info.plist */,
			);
			path = AppStoreApplication;
			sourceTree = "<group>";
		};
		C5C2919A24200A51003F8790 /* AppStoreApplicationTests */ = {
			isa = PBXGroup;
			children = (
				C5C2919B24200A51003F8790 /* AppStoreApplicationTests.swift */,
				C5C2919D24200A51003F8790 /* Info.plist */,
				C5CA953B24203F32000A4F9A /* AlbumJsonData.json */,
			);
			path = AppStoreApplicationTests;
			sourceTree = "<group>";
		};
		C5C291A624200D90003F8790 /* Album View Controller */ = {
			isa = PBXGroup;
			children = (
				C5C2918824200A50003F8790 /* AlbumViewController.swift */,
				C5C291AA24201342003F8790 /* AlbumViewModel.swift */,
				C5C291AE242015CD003F8790 /* AlbumViewCell.swift */,
				C5C291B224201603003F8790 /* AlbumCellViewModel.swift */,
			);
			path = "Album View Controller";
			sourceTree = "<group>";
		};
		C5C291A724200DAB003F8790 /* Bindable */ = {
			isa = PBXGroup;
			children = (
				C5CA953524203707000A4F9A /* Bindable.swift */,
			);
			path = Bindable;
			sourceTree = "<group>";
		};
		C5C291A824200DB5003F8790 /* Service + networking */ = {
			isa = PBXGroup;
			children = (
				C5CA953724203713000A4F9A /* WebService.swift */,
			);
			path = "Service + networking";
			sourceTree = "<group>";
		};
		C5C291A924200DC8003F8790 /* Extensions */ = {
			isa = PBXGroup;
			children = (
				C5CA954624208D52000A4F9A /* ImageData+CashingExtension.swift */,
			);
			path = Extensions;
			sourceTree = "<group>";
		};
		C5CA953F2420427C000A4F9A /* Data */ = {
			isa = PBXGroup;
			children = (
				C5CA953924203B1A000A4F9A /* Album.swift */,
				C5CA9540242043FC000A4F9A /* Genre.swift */,
				C5CA9542242060A0000A4F9A /* Response.swift */,
			);
			path = Data;
			sourceTree = "<group>";
		};
		C5CA9548242095CC000A4F9A /* Album Detail View Controller */ = {
			isa = PBXGroup;
			children = (
				C5CA9549242095E9000A4F9A /* AlbumDetailInfoViewController.swift */,
				C5CA954B24209624000A4F9A /* AlbumDetailInfoViewModel.swift */,
				C5CA954D2420966A000A4F9A /* AlbumDetailView.swift */,
				C5CA954F242096F1000A4F9A /* AlbumDetailViewModel.swift */,
			);
			path = "Album Detail View Controller";
			sourceTree = "<group>";
		};
/* End PBXGroup section */

/* Begin PBXNativeTarget section */
		C5C2918224200A50003F8790 /* AppStoreApplication */ = {
			isa = PBXNativeTarget;
			buildConfigurationList = C5C291A024200A51003F8790 /* Build configuration list for PBXNativeTarget "AppStoreApplication" */;
			buildPhases = (
				C5C2917F24200A50003F8790 /* Sources */,
				C5C2918024200A50003F8790 /* Frameworks */,
				C5C2918124200A50003F8790 /* Resources */,
			);
			buildRules = (
			);
			dependencies = (
			);
			name = AppStoreApplication;
			productName = AppStoreApplication;
			productReference = C5C2918324200A50003F8790 /* AppStoreApplication.app */;
			productType = "com.apple.product-type.application";
		};
		C5C2919624200A51003F8790 /* AppStoreApplicationTests */ = {
			isa = PBXNativeTarget;
			buildConfigurationList = C5C291A324200A51003F8790 /* Build configuration list for PBXNativeTarget "AppStoreApplicationTests" */;
			buildPhases = (
				C5C2919324200A51003F8790 /* Sources */,
				C5C2919424200A51003F8790 /* Frameworks */,
				C5C2919524200A51003F8790 /* Resources */,
			);
			buildRules = (
			);
			dependencies = (
				C5C2919924200A51003F8790 /* PBXTargetDependency */,
			);
			name = AppStoreApplicationTests;
			productName = AppStoreApplicationTests;
			productReference = C5C2919724200A51003F8790 /* AppStoreApplicationTests.xctest */;
			productType = "com.apple.product-type.bundle.unit-test";
		};
/* End PBXNativeTarget section */

/* Begin PBXProject section */
		C5C2917B24200A50003F8790 /* Project object */ = {
			isa = PBXProject;
			attributes = {
				LastSwiftUpdateCheck = 1030;
				LastUpgradeCheck = 1030;
				ORGANIZATIONNAME = "ashim Dahal";
				TargetAttributes = {
					C5C2918224200A50003F8790 = {
						CreatedOnToolsVersion = 10.3;
					};
					C5C2919624200A51003F8790 = {
						CreatedOnToolsVersion = 10.3;
						TestTargetID = C5C2918224200A50003F8790;
					};
				};
			};
			buildConfigurationList = C5C2917E24200A50003F8790 /* Build configuration list for PBXProject "AppStoreApplication" */;
			compatibilityVersion = "Xcode 9.3";
			developmentRegion = en;
			hasScannedForEncodings = 0;
			knownRegions = (
				en,
				Base,
			);
			mainGroup = C5C2917A24200A4F003F8790;
			productRefGroup = C5C2918424200A50003F8790 /* Products */;
			projectDirPath = "";
			projectRoot = "";
			targets = (
				C5C2918224200A50003F8790 /* AppStoreApplication */,
				C5C2919624200A51003F8790 /* AppStoreApplicationTests */,
			);
		};
/* End PBXProject section */

/* Begin PBXResourcesBuildPhase section */
		C5C2918124200A50003F8790 /* Resources */ = {
			isa = PBXResourcesBuildPhase;
			buildActionMask = 2147483647;
			files = (
				C5C2919124200A51003F8790 /* LaunchScreen.storyboard in Resources */,
				C5C2918E24200A51003F8790 /* Assets.xcassets in Resources */,
				C5C2918C24200A50003F8790 /* Main.storyboard in Resources */,
			);
			runOnlyForDeploymentPostprocessing = 0;
		};
		C5C2919524200A51003F8790 /* Resources */ = {
			isa = PBXResourcesBuildPhase;
			buildActionMask = 2147483647;
			files = (
				C5CA953C24203F32000A4F9A /* AlbumJsonData.json in Resources */,
			);
			runOnlyForDeploymentPostprocessing = 0;
		};
/* End PBXResourcesBuildPhase section */

/* Begin PBXSourcesBuildPhase section */
		C5C2917F24200A50003F8790 /* Sources */ = {
			isa = PBXSourcesBuildPhase;
			buildActionMask = 2147483647;
			files = (
				C5CA9541242043FC000A4F9A /* Genre.swift in Sources */,
				C5C291AB24201342003F8790 /* AlbumViewModel.swift in Sources */,
				C5CA954724208D52000A4F9A /* ImageData+CashingExtension.swift in Sources */,
				C5CA9543242060A0000A4F9A /* Response.swift in Sources */,
				C5C2918924200A50003F8790 /* AlbumViewController.swift in Sources */,
				C5CA954E2420966A000A4F9A /* AlbumDetailView.swift in Sources */,
				C5CA954A242095E9000A4F9A /* AlbumDetailInfoViewController.swift in Sources */,
				C5CA953824203713000A4F9A /* WebService.swift in Sources */,
				C5CA953624203707000A4F9A /* Bindable.swift in Sources */,
				C5CA954C24209624000A4F9A /* AlbumDetailInfoViewModel.swift in Sources */,
				C5C291AF242015CD003F8790 /* AlbumViewCell.swift in Sources */,
				C5CA953A24203B1A000A4F9A /* Album.swift in Sources */,
				C5C291B324201603003F8790 /* AlbumCellViewModel.swift in Sources */,
				C5C2918724200A50003F8790 /* AppDelegate.swift in Sources */,
				C5CA9550242096F1000A4F9A /* AlbumDetailViewModel.swift in Sources */,
			);
			runOnlyForDeploymentPostprocessing = 0;
		};
		C5C2919324200A51003F8790 /* Sources */ = {
			isa = PBXSourcesBuildPhase;
			buildActionMask = 2147483647;
			files = (
				C5C2919C24200A51003F8790 /* AppStoreApplicationTests.swift in Sources */,
			);
			runOnlyForDeploymentPostprocessing = 0;
		};
/* End PBXSourcesBuildPhase section */

/* Begin PBXTargetDependency section */
		C5C2919924200A51003F8790 /* PBXTargetDependency */ = {
			isa = PBXTargetDependency;
			target = C5C2918224200A50003F8790 /* AppStoreApplication */;
			targetProxy = C5C2919824200A51003F8790 /* PBXContainerItemProxy */;
		};
/* End PBXTargetDependency section */

/* Begin PBXVariantGroup section */
		C5C2918A24200A50003F8790 /* Main.storyboard */ = {
			isa = PBXVariantGroup;
			children = (
				C5C2918B24200A50003F8790 /* Base */,
			);
			name = Main.storyboard;
			sourceTree = "<group>";
		};
		C5C2918F24200A51003F8790 /* LaunchScreen.storyboard */ = {
			isa = PBXVariantGroup;
			children = (
				C5C2919024200A51003F8790 /* Base */,
			);
			name = LaunchScreen.storyboard;
			sourceTree = "<group>";
		};
/* End PBXVariantGroup section */

/* Begin XCBuildConfiguration section */
		C5C2919E24200A51003F8790 /* Debug */ = {
			isa = XCBuildConfiguration;
			buildSettings = {
				ALWAYS_SEARCH_USER_PATHS = NO;
				CLANG_ANALYZER_NONNULL = YES;
				CLANG_ANALYZER_NUMBER_OBJECT_CONVERSION = YES_AGGRESSIVE;
				CLANG_CXX_LANGUAGE_STANDARD = "gnu++14";
				CLANG_CXX_LIBRARY = "libc++";
				CLANG_ENABLE_MODULES = YES;
				CLANG_ENABLE_OBJC_ARC = YES;
				CLANG_ENABLE_OBJC_WEAK = YES;
				CLANG_WARN_BLOCK_CAPTURE_AUTORELEASING = YES;
				CLANG_WARN_BOOL_CONVERSION = YES;
				CLANG_WARN_COMMA = YES;
				CLANG_WARN_CONSTANT_CONVERSION = YES;
				CLANG_WARN_DEPRECATED_OBJC_IMPLEMENTATIONS = YES;
				CLANG_WARN_DIRECT_OBJC_ISA_USAGE = YES_ERROR;
				CLANG_WARN_DOCUMENTATION_COMMENTS = YES;
				CLANG_WARN_EMPTY_BODY = YES;
				CLANG_WARN_ENUM_CONVERSION = YES;
				CLANG_WARN_INFINITE_RECURSION = YES;
				CLANG_WARN_INT_CONVERSION = YES;
				CLANG_WARN_NON_LITERAL_NULL_CONVERSION = YES;
				CLANG_WARN_OBJC_IMPLICIT_RETAIN_SELF = YES;
				CLANG_WARN_OBJC_LITERAL_CONVERSION = YES;
				CLANG_WARN_OBJC_ROOT_CLASS = YES_ERROR;
				CLANG_WARN_RANGE_LOOP_ANALYSIS = YES;
				CLANG_WARN_STRICT_PROTOTYPES = YES;
				CLANG_WARN_SUSPICIOUS_MOVE = YES;
				CLANG_WARN_UNGUARDED_AVAILABILITY = YES_AGGRESSIVE;
				CLANG_WARN_UNREACHABLE_CODE = YES;
				CLANG_WARN__DUPLICATE_METHOD_MATCH = YES;
				CODE_SIGN_IDENTITY = "iPhone Developer";
				COPY_PHASE_STRIP = NO;
				DEBUG_INFORMATION_FORMAT = dwarf;
				ENABLE_STRICT_OBJC_MSGSEND = YES;
				ENABLE_TESTABILITY = YES;
				GCC_C_LANGUAGE_STANDARD = gnu11;
				GCC_DYNAMIC_NO_PIC = NO;
				GCC_NO_COMMON_BLOCKS = YES;
				GCC_OPTIMIZATION_LEVEL = 0;
				GCC_PREPROCESSOR_DEFINITIONS = (
					"DEBUG=1",
					"$(inherited)",
				);
				GCC_WARN_64_TO_32_BIT_CONVERSION = YES;
				GCC_WARN_ABOUT_RETURN_TYPE = YES_ERROR;
				GCC_WARN_UNDECLARED_SELECTOR = YES;
				GCC_WARN_UNINITIALIZED_AUTOS = YES_AGGRESSIVE;
				GCC_WARN_UNUSED_FUNCTION = YES;
				GCC_WARN_UNUSED_VARIABLE = YES;
				IPHONEOS_DEPLOYMENT_TARGET = 11.0;
				MTL_ENABLE_DEBUG_INFO = INCLUDE_SOURCE;
				MTL_FAST_MATH = YES;
				ONLY_ACTIVE_ARCH = YES;
				SDKROOT = iphoneos;
				SWIFT_ACTIVE_COMPILATION_CONDITIONS = DEBUG;
				SWIFT_OPTIMIZATION_LEVEL = "-Onone";
			};
			name = Debug;
		};
		C5C2919F24200A51003F8790 /* Release */ = {
			isa = XCBuildConfiguration;
			buildSettings = {
				ALWAYS_SEARCH_USER_PATHS = NO;
				CLANG_ANALYZER_NONNULL = YES;
				CLANG_ANALYZER_NUMBER_OBJECT_CONVERSION = YES_AGGRESSIVE;
				CLANG_CXX_LANGUAGE_STANDARD = "gnu++14";
				CLANG_CXX_LIBRARY = "libc++";
				CLANG_ENABLE_MODULES = YES;
				CLANG_ENABLE_OBJC_ARC = YES;
				CLANG_ENABLE_OBJC_WEAK = YES;
				CLANG_WARN_BLOCK_CAPTURE_AUTORELEASING = YES;
				CLANG_WARN_BOOL_CONVERSION = YES;
				CLANG_WARN_COMMA = YES;
				CLANG_WARN_CONSTANT_CONVERSION = YES;
				CLANG_WARN_DEPRECATED_OBJC_IMPLEMENTATIONS = YES;
				CLANG_WARN_DIRECT_OBJC_ISA_USAGE = YES_ERROR;
				CLANG_WARN_DOCUMENTATION_COMMENTS = YES;
				CLANG_WARN_EMPTY_BODY = YES;
				CLANG_WARN_ENUM_CONVERSION = YES;
				CLANG_WARN_INFINITE_RECURSION = YES;
				CLANG_WARN_INT_CONVERSION = YES;
				CLANG_WARN_NON_LITERAL_NULL_CONVERSION = YES;
				CLANG_WARN_OBJC_IMPLICIT_RETAIN_SELF = YES;
				CLANG_WARN_OBJC_LITERAL_CONVERSION = YES;
				CLANG_WARN_OBJC_ROOT_CLASS = YES_ERROR;
				CLANG_WARN_RANGE_LOOP_ANALYSIS = YES;
				CLANG_WARN_STRICT_PROTOTYPES = YES;
				CLANG_WARN_SUSPICIOUS_MOVE = YES;
				CLANG_WARN_UNGUARDED_AVAILABILITY = YES_AGGRESSIVE;
				CLANG_WARN_UNREACHABLE_CODE = YES;
				CLANG_WARN__DUPLICATE_METHOD_MATCH = YES;
				CODE_SIGN_IDENTITY = "iPhone Developer";
				COPY_PHASE_STRIP = NO;
				DEBUG_INFORMATION_FORMAT = "dwarf-with-dsym";
				ENABLE_NS_ASSERTIONS = NO;
				ENABLE_STRICT_OBJC_MSGSEND = YES;
				GCC_C_LANGUAGE_STANDARD = gnu11;
				GCC_NO_COMMON_BLOCKS = YES;
				GCC_WARN_64_TO_32_BIT_CONVERSION = YES;
				GCC_WARN_ABOUT_RETURN_TYPE = YES_ERROR;
				GCC_WARN_UNDECLARED_SELECTOR = YES;
				GCC_WARN_UNINITIALIZED_AUTOS = YES_AGGRESSIVE;
				GCC_WARN_UNUSED_FUNCTION = YES;
				GCC_WARN_UNUSED_VARIABLE = YES;
				IPHONEOS_DEPLOYMENT_TARGET = 11.0;
				MTL_ENABLE_DEBUG_INFO = NO;
				MTL_FAST_MATH = YES;
				SDKROOT = iphoneos;
				SWIFT_COMPILATION_MODE = wholemodule;
				SWIFT_OPTIMIZATION_LEVEL = "-O";
				VALIDATE_PRODUCT = YES;
			};
			name = Release;
		};
		C5C291A124200A51003F8790 /* Debug */ = {
			isa = XCBuildConfiguration;
			buildSettings = {
				ASSETCATALOG_COMPILER_APPICON_NAME = AppIcon;
				CODE_SIGN_STYLE = Automatic;
				INFOPLIST_FILE = AppStoreApplication/Info.plist;
				LD_RUNPATH_SEARCH_PATHS = (
					"$(inherited)",
					"@executable_path/Frameworks",
				);
				PRODUCT_BUNDLE_IDENTIFIER = com.ashimdahalCode.AppStoreApplication;
				PRODUCT_NAME = "$(TARGET_NAME)";
				SWIFT_VERSION = 5.0;
				TARGETED_DEVICE_FAMILY = "1,2";
			};
			name = Debug;
		};
		C5C291A224200A51003F8790 /* Release */ = {
			isa = XCBuildConfiguration;
			buildSettings = {
				ASSETCATALOG_COMPILER_APPICON_NAME = AppIcon;
				CODE_SIGN_STYLE = Automatic;
				INFOPLIST_FILE = AppStoreApplication/Info.plist;
				LD_RUNPATH_SEARCH_PATHS = (
					"$(inherited)",
					"@executable_path/Frameworks",
				);
				PRODUCT_BUNDLE_IDENTIFIER = com.ashimdahalCode.AppStoreApplication;
				PRODUCT_NAME = "$(TARGET_NAME)";
				SWIFT_VERSION = 5.0;
				TARGETED_DEVICE_FAMILY = "1,2";
			};
			name = Release;
		};
		C5C291A424200A51003F8790 /* Debug */ = {
			isa = XCBuildConfiguration;
			buildSettings = {
				ALWAYS_EMBED_SWIFT_STANDARD_LIBRARIES = YES;
				BUNDLE_LOADER = "$(TEST_HOST)";
				CODE_SIGN_STYLE = Automatic;
				INFOPLIST_FILE = AppStoreApplicationTests/Info.plist;
				LD_RUNPATH_SEARCH_PATHS = (
					"$(inherited)",
					"@executable_path/Frameworks",
					"@loader_path/Frameworks",
				);
				PRODUCT_BUNDLE_IDENTIFIER = com.ashimdahalCode.AppStoreApplicationTests;
				PRODUCT_NAME = "$(TARGET_NAME)";
				SWIFT_VERSION = 5.0;
				TARGETED_DEVICE_FAMILY = "1,2";
				TEST_HOST = "$(BUILT_PRODUCTS_DIR)/AppStoreApplication.app/AppStoreApplication";
			};
			name = Debug;
		};
		C5C291A524200A51003F8790 /* Release */ = {
			isa = XCBuildConfiguration;
			buildSettings = {
				ALWAYS_EMBED_SWIFT_STANDARD_LIBRARIES = YES;
				BUNDLE_LOADER = "$(TEST_HOST)";
				CODE_SIGN_STYLE = Automatic;
				INFOPLIST_FILE = AppStoreApplicationTests/Info.plist;
				LD_RUNPATH_SEARCH_PATHS = (
					"$(inherited)",
					"@executable_path/Frameworks",
					"@loader_path/Frameworks",
				);
				PRODUCT_BUNDLE_IDENTIFIER = com.ashimdahalCode.AppStoreApplicationTests;
				PRODUCT_NAME = "$(TARGET_NAME)";
				SWIFT_VERSION = 5.0;
				TARGETED_DEVICE_FAMILY = "1,2";
				TEST_HOST = "$(BUILT_PRODUCTS_DIR)/AppStoreApplication.app/AppStoreApplication";
			};
			name = Release;
		};
/* End XCBuildConfiguration section */

/* Begin XCConfigurationList section */
		C5C2917E24200A50003F8790 /* Build configuration list for PBXProject "AppStoreApplication" */ = {
			isa = XCConfigurationList;
			buildConfigurations = (
				C5C2919E24200A51003F8790 /* Debug */,
				C5C2919F24200A51003F8790 /* Release */,
			);
			defaultConfigurationIsVisible = 0;
			defaultConfigurationName = Release;
		};
		C5C291A024200A51003F8790 /* Build configuration list for PBXNativeTarget "AppStoreApplication" */ = {
			isa = XCConfigurationList;
			buildConfigurations = (
				C5C291A124200A51003F8790 /* Debug */,
				C5C291A224200A51003F8790 /* Release */,
			);
			defaultConfigurationIsVisible = 0;
			defaultConfigurationName = Release;
		};
		C5C291A324200A51003F8790 /* Build configuration list for PBXNativeTarget "AppStoreApplicationTests" */ = {
			isa = XCConfigurationList;
			buildConfigurations = (
				C5C291A424200A51003F8790 /* Debug */,
				C5C291A524200A51003F8790 /* Release */,
			);
			defaultConfigurationIsVisible = 0;
			defaultConfigurationName = Release;
		};
/* End XCConfigurationList section */
	};
	rootObject = C5C2917B24200A50003F8790 /* Project object */;
}
